# THIS IS AN AUTOGENERATED FILE. DO NOT EDIT THIS FILE DIRECTLY.
# yarn lockfile v1


animate.css@^3.7.2:
  version "3.7.2"
  resolved "https://registry.yarnpkg.com/animate.css/-/animate.css-3.7.2.tgz#e73e0d50e92cb1cfef1597d9b38a9481020e08ea"
  integrity sha512-0bE8zYo7C0KvgOYrSVfrzkbYk6IOTVPNqkiHg2cbyF4Pq/PXzilz4BRWA3hwEUBoMp5VBgrC29lQIZyhRWdBTw==

animejs@^3.1.0:
  version "3.1.0"
  resolved "https://registry.yarnpkg.com/animejs/-/animejs-3.1.0.tgz#748a90fc1d4bef3efed64508af9a6a82babf5c47"
  integrity sha512-BjnCroPPQPEAngT0M89pz9TBcOGgOFLnVoq3+jV2upl4rn60k57/AXvESTnuILsNgOEjGuhMEOMp7IlQzk40kA==

clipboard@^2.0.0:
  version "2.0.6"
  resolved "https://registry.yarnpkg.com/clipboard/-/clipboard-2.0.6.tgz#52921296eec0fdf77ead1749421b21c968647376"
  integrity sha512-g5zbiixBRk/wyKakSwCKd7vQXDjFnAMGHoEyBogG/bw9kTD9GvdAvaoRR1ALcEzt3pVKxZR0pViekPMIS0QyGg==
  dependencies:
    good-listener "^1.2.2"
    select "^1.1.2"
    tiny-emitter "^2.0.0"

delegate@^3.1.2:
  version "3.2.0"
  resolved "https://registry.yarnpkg.com/delegate/-/delegate-3.2.0.tgz#b66b71c3158522e8ab5744f720d8ca0c2af59166"
  integrity sha512-IofjkYBZaZivn0V8nnsMJGBr4jVLxHDheKSW88PyxS5QC4Vo9ZbZVvhzlSxY87fVq3STR6r+4cGepyHkcWOQSw==

error-stack-parser@^2.0.6:
  version "2.0.6"
  resolved "https://registry.yarnpkg.com/error-stack-parser/-/error-stack-parser-2.0.6.tgz#5a99a707bd7a4c58a797902d48d82803ede6aad8"
  integrity sha512-d51brTeqC+BHlwF0BhPtcYgF5nlzf9ZZ0ZIUQNZpc9ZB9qw5IJ2diTrBY9jlCJkTLITYPjmiX6OWCwH+fuyNgQ==
  dependencies:
    stackframe "^1.1.1"

good-listener@^1.2.2:
  version "1.2.2"
  resolved "https://registry.yarnpkg.com/good-listener/-/good-listener-1.2.2.tgz#d53b30cdf9313dffb7dc9a0d477096aa6d145c50"
  integrity sha1-1TswzfkxPf+33JoNR3CWqm0UXFA=
  dependencies:
    delegate "^3.1.2"

normalize.css@^8.0.1:
  version "8.0.1"
  resolved "https://registry.yarnpkg.com/normalize.css/-/normalize.css-8.0.1.tgz#9b98a208738b9cc2634caacbc42d131c97487bf3"
  integrity sha512-qizSNPO93t1YUuUhP22btGOo3chcvDFqFaj2TRybP0DMxkHOCTYwp3n34fel4a31ORXy4m1Xq0Gyqpb5m33qIg==

p5@^1.0.0:
  version "1.0.0"
  resolved "https://registry.yarnpkg.com/p5/-/p5-1.0.0.tgz#d27c77c1c11450ede27af4614a5d24470ffab0c4"
  integrity sha512-SYYc6NSHA/mMoF00SdI39FmhifMWl0B74/Bg3T793v+KOAWgXsBfr7snv9cjHFqpcmjtJMuZSOoA55qAETCu1w==

prismjs@^1.19.0:
  version "1.19.0"
  resolved "https://registry.yarnpkg.com/prismjs/-/prismjs-1.19.0.tgz#713afbd45c3baca4b321569f2df39e17e729d4dc"
  integrity sha512-IVFtbW9mCWm9eOIaEkNyo2Vl4NnEifis2GQ7/MLRG5TQe6t+4Sj9J5QWI9i3v+SS43uZBlCAOn+zYTVYQcPXJw==
  optionalDependencies:
    clipboard "^2.0.0"

select@^1.1.2:
  version "1.1.2"
  resolved "https://registry.yarnpkg.com/select/-/select-1.1.2.tgz#0e7350acdec80b1108528786ec1d4418d11b396d"
  integrity sha1-DnNQrN7ICxEIUoeG7B1EGNEbOW0=

source-map@0.5.6:
  version "0.5.6"
  resolved "https://registry.yarnpkg.com/source-map/-/source-map-0.5.6.tgz#75ce38f52bf0733c5a7f0c118d81334a2bb5f412"
  integrity sha1-dc449SvwczxafwwRjYEzSiu19BI=

spinkit@^2.0.1:
  version "2.0.1"
  resolved "https://registry.yarnpkg.com/spinkit/-/spinkit-2.0.1.tgz#aefcd0acfdf15a90aa8e1f069d7e618515891f74"
  integrity sha512-oYBGY0GV1H1dX+ZdKnB6JVsYC1w/Xl20H111eb+WSS8nUYmlHgGb4y5buFSkzzceEeYYh5kMhXoAmoTpiQauiA==

stack-generator@^2.0.5:
  version "2.0.5"
  resolved "https://registry.yarnpkg.com/stack-generator/-/stack-generator-2.0.5.tgz#fb00e5b4ee97de603e0773ea78ce944d81596c36"
  integrity sha512-/t1ebrbHkrLrDuNMdeAcsvynWgoH/i4o8EGGfX7dEYDoTXOYVAkEpFdtshlvabzc6JlJ8Kf9YdFEoz7JkzGN9Q==
  dependencies:
    stackframe "^1.1.1"

stackframe@^1.1.1:
  version "1.1.1"
  resolved "https://registry.yarnpkg.com/stackframe/-/stackframe-1.1.1.tgz#ffef0a3318b1b60c3b58564989aca5660729ec71"
  integrity sha512-0PlYhdKh6AfFxRyK/v+6/k+/mMfyiEBbTM5L94D0ZytQnJ166wuwoTYLHFWGbs2dpA8Rgq763KGWmN1EQEYHRQ==

stacktrace-gps@^3.0.4:
  version "3.0.4"
  resolved "https://registry.yarnpkg.com/stacktrace-gps/-/stacktrace-gps-3.0.4.tgz#7688dc2fc09ffb3a13165ebe0dbcaf41bcf0c69a"
  integrity sha512-qIr8x41yZVSldqdqe6jciXEaSCKw1U8XTXpjDuy0ki/apyTn/r3w9hDAAQOhZdxvsC93H+WwwEu5cq5VemzYeg==
  dependencies:
    source-map "0.5.6"
    stackframe "^1.1.1"

stacktrace-js@^2.0.2:
  version "2.0.2"
  resolved "https://registry.yarnpkg.com/stacktrace-js/-/stacktrace-js-2.0.2.tgz#4ca93ea9f494752d55709a081d400fdaebee897b"
  integrity sha512-Je5vBeY4S1r/RnLydLl0TBTi3F2qdfWmYsGvtfZgEI+SCprPppaIhQf5nGcal4gI4cGpCV/duLcAzT1np6sQqg==
  dependencies:
    error-stack-parser "^2.0.6"
    stack-generator "^2.0.5"
    stacktrace-gps "^3.0.4"

tiny-emitter@^2.0.0:
  version "2.1.0"
  resolved "https://registry.yarnpkg.com/tiny-emitter/-/tiny-emitter-2.1.0.tgz#1d1a56edfc51c43e863cbb5382a72330e3555423"
  integrity sha512-NB6Dk1A9xgQPMoGqC5CVXn123gWyte215ONT5Pp5a0yt4nlEoO1ZWeCwpncaekPHXO60i47ihFnZPiRPjRMq4Q==
