# THIS IS AN AUTOGENERATED FILE. DO NOT EDIT THIS FILE DIRECTLY.
# yarn lockfile v1


animejs@^3.1.0:
  version "3.1.0"
  resolved "https://registry.yarnpkg.com/animejs/-/animejs-3.1.0.tgz#748a90fc1d4bef3efed64508af9a6a82babf5c47"
  integrity sha512-BjnCroPPQPEAngT0M89pz9TBcOGgOFLnVoq3+jV2upl4rn60k57/AXvESTnuILsNgOEjGuhMEOMp7IlQzk40kA==

spinkit@^2.0.1:
  version "2.0.1"
  resolved "https://registry.yarnpkg.com/spinkit/-/spinkit-2.0.1.tgz#aefcd0acfdf15a90aa8e1f069d7e618515891f74"
  integrity sha512-oYBGY0GV1H1dX+ZdKnB6JVsYC1w/Xl20H111eb+WSS8nUYmlHgGb4y5buFSkzzceEeYYh5kMhXoAmoTpiQauiA==
